
Microsoft Visual Studio Solution File, Format Version 12.00
Project("{FAE04EC0-301F-11D3-BF4B-00C04F79EFBC}") = "_1MiniKata", "_1MiniKata\_1MiniKata.csproj", "{75A235B8-4A42-4840-9EF0-D1D8AC50A502}"
EndProject
Project("{FAE04EC0-301F-11D3-BF4B-00C04F79EFBC}") = "_2Kata5", "_2Kata5\_2Kata5.csproj", "{B640C586-F83B-4E89-8C3C-470BA5577A86}"
EndProject
Project("{FAE04EC0-301F-11D3-BF4B-00C04F79EFBC}") = "_3MiniKata", "_3MiniKata\_3MiniKata.csproj", "{C3A0FA52-F9B9-48A5-9DF8-12A5F47BBF14}"
EndProject
Project("{FAE04EC0-301F-11D3-BF4B-00C04F79EFBC}") = "_4Kata6", "_4Kata6\_4Kata6.csproj", "{4B9FD186-10CB-476E-A9BA-E5478D6DAC35}"
EndProject
Project("{FAE04EC0-301F-11D3-BF4B-00C04F79EFBC}") = "_5Kata7", "_5Kata7\_5Kata7.csproj", "{9E6EF25E-9E56-45F0-AA6A-4F7CD99AD135}"
EndProject
Project("{FAE04EC0-301F-11D3-BF4B-00C04F79EFBC}") = "_6Kata7", "_6Kata7\_6Kata7.csproj", "{151F1571-47DB-47DD-AD43-3DD99FF7B516}"
EndProject
Project("{FAE04EC0-301F-11D3-BF4B-00C04F79EFBC}") = "_7Kata8", "_7Kata8\_7Kata8.csproj", "{C0B119EA-4766-40E0-8FA1-0427691063F2}"
EndProject
Global
	GlobalSection(SolutionConfigurationPlatforms) = preSolution
		Debug|Any CPU = Debug|Any CPU
		Release|Any CPU = Release|Any CPU
	EndGlobalSection
	GlobalSection(ProjectConfigurationPlatforms) = postSolution
		{75A235B8-4A42-4840-9EF0-D1D8AC50A502}.Debug|Any CPU.ActiveCfg = Debug|Any CPU
		{75A235B8-4A42-4840-9EF0-D1D8AC50A502}.Debug|Any CPU.Build.0 = Debug|Any CPU
		{75A235B8-4A42-4840-9EF0-D1D8AC50A502}.Release|Any CPU.ActiveCfg = Release|Any CPU
		{75A235B8-4A42-4840-9EF0-D1D8AC50A502}.Release|Any CPU.Build.0 = Release|Any CPU
		{B640C586-F83B-4E89-8C3C-470BA5577A86}.Debug|Any CPU.ActiveCfg = Debug|Any CPU
		{B640C586-F83B-4E89-8C3C-470BA5577A86}.Debug|Any CPU.Build.0 = Debug|Any CPU
		{B640C586-F83B-4E89-8C3C-470BA5577A86}.Release|Any CPU.ActiveCfg = Release|Any CPU
		{B640C586-F83B-4E89-8C3C-470BA5577A86}.Release|Any CPU.Build.0 = Release|Any CPU
		{C3A0FA52-F9B9-48A5-9DF8-12A5F47BBF14}.Debug|Any CPU.ActiveCfg = Debug|Any CPU
		{C3A0FA52-F9B9-48A5-9DF8-12A5F47BBF14}.Debug|Any CPU.Build.0 = Debug|Any CPU
		{C3A0FA52-F9B9-48A5-9DF8-12A5F47BBF14}.Release|Any CPU.ActiveCfg = Release|Any CPU
		{C3A0FA52-F9B9-48A5-9DF8-12A5F47BBF14}.Release|Any CPU.Build.0 = Release|Any CPU
		{4B9FD186-10CB-476E-A9BA-E5478D6DAC35}.Debug|Any CPU.ActiveCfg = Debug|Any CPU
		{4B9FD186-10CB-476E-A9BA-E5478D6DAC35}.Debug|Any CPU.Build.0 = Debug|Any CPU
		{4B9FD186-10CB-476E-A9BA-E5478D6DAC35}.Release|Any CPU.ActiveCfg = Release|Any CPU
		{4B9FD186-10CB-476E-A9BA-E5478D6DAC35}.Release|Any CPU.Build.0 = Release|Any CPU
		{9E6EF25E-9E56-45F0-AA6A-4F7CD99AD135}.Debug|Any CPU.ActiveCfg = Debug|Any CPU
		{9E6EF25E-9E56-45F0-AA6A-4F7CD99AD135}.Debug|Any CPU.Build.0 = Debug|Any CPU
		{9E6EF25E-9E56-45F0-AA6A-4F7CD99AD135}.Release|Any CPU.ActiveCfg = Release|Any CPU
		{9E6EF25E-9E56-45F0-AA6A-4F7CD99AD135}.Release|Any CPU.Build.0 = Release|Any CPU
		{151F1571-47DB-47DD-AD43-3DD99FF7B516}.Debug|Any CPU.ActiveCfg = Debug|Any CPU
		{151F1571-47DB-47DD-AD43-3DD99FF7B516}.Debug|Any CPU.Build.0 = Debug|Any CPU
		{151F1571-47DB-47DD-AD43-3DD99FF7B516}.Release|Any CPU.ActiveCfg = Release|Any CPU
		{151F1571-47DB-47DD-AD43-3DD99FF7B516}.Release|Any CPU.Build.0 = Release|Any CPU
		{C0B119EA-4766-40E0-8FA1-0427691063F2}.Debug|Any CPU.ActiveCfg = Debug|Any CPU
		{C0B119EA-4766-40E0-8FA1-0427691063F2}.Debug|Any CPU.Build.0 = Debug|Any CPU
		{C0B119EA-4766-40E0-8FA1-0427691063F2}.Release|Any CPU.ActiveCfg = Release|Any CPU
		{C0B119EA-4766-40E0-8FA1-0427691063F2}.Release|Any CPU.Build.0 = Release|Any CPU
	EndGlobalSection
EndGlobal
